
Microsoft Visual Studio Solution File, Format Version 12.00
# Visual Studio 15
VisualStudioVersion = 15.0.28010.2003
MinimumVisualStudioVersion = 10.0.40219.1
Project("{FAE04EC0-301F-11D3-BF4B-00C04F79EFBC}") = "ABSElectro_TestTask", "ABSElectro_TestTask\ABSElectro_TestTask.csproj", "{00E112A1-0741-45DB-854E-BF51DB739AC2}"
EndProject
Project("{FAE04EC0-301F-11D3-BF4B-00C04F79EFBC}") = "ABSElectro_TestTask.Tests", "ABSElectro_TestTask.Tests\ABSElectro_TestTask.Tests.csproj", "{A9D26134-8A97-40ED-9C70-C959E15BA570}"
EndProject
Global
	GlobalSection(SolutionConfigurationPlatforms) = preSolution
		Debug|Any CPU = Debug|Any CPU
		Release|Any CPU = Release|Any CPU
	EndGlobalSection
	GlobalSection(ProjectConfigurationPlatforms) = postSolution
		{00E112A1-0741-45DB-854E-BF51DB739AC2}.Debug|Any CPU.ActiveCfg = Debug|Any CPU
		{00E112A1-0741-45DB-854E-BF51DB739AC2}.Debug|Any CPU.Build.0 = Debug|Any CPU
		{00E112A1-0741-45DB-854E-BF51DB739AC2}.Release|Any CPU.ActiveCfg = Release|Any CPU
		{00E112A1-0741-45DB-854E-BF51DB739AC2}.Release|Any CPU.Build.0 = Release|Any CPU
		{A9D26134-8A97-40ED-9C70-C959E15BA570}.Debug|Any CPU.ActiveCfg = Debug|Any CPU
		{A9D26134-8A97-40ED-9C70-C959E15BA570}.Debug|Any CPU.Build.0 = Debug|Any CPU
		{A9D26134-8A97-40ED-9C70-C959E15BA570}.Release|Any CPU.ActiveCfg = Release|Any CPU
		{A9D26134-8A97-40ED-9C70-C959E15BA570}.Release|Any CPU.Build.0 = Release|Any CPU
	EndGlobalSection
	GlobalSection(SolutionProperties) = preSolution
		HideSolutionNode = FALSE
	EndGlobalSection
	GlobalSection(ExtensibilityGlobals) = postSolution
		SolutionGuid = {46995342-A571-4EEF-9BDC-44986D7C61FC}
	EndGlobalSection
EndGlobal
